{
    "_readme": [
        "This file locks the dependencies of your project to a known state",
        "Read more about it at http://getcomposer.org/doc/01-basic-usage.md#composer-lock-the-lock-file",
        "This file is @generated automatically"
    ],
    "hash": "509033affdccb71b45ded18afe964009",
    "packages": [
        {
            "name": "akrabat/rka-slim-controller",
            "version": "1.0.0",
            "source": {
                "type": "git",
                "url": "https://github.com/akrabat/rka-slim-controller.git",
                "reference": "3dda605822dbf9249c763df25a7cc59ceb9b55a7"
            },
            "dist": {
                "type": "zip",
                "url": "https://api.github.com/repos/akrabat/rka-slim-controller/zipball/3dda605822dbf9249c763df25a7cc59ceb9b55a7",
                "reference": "3dda605822dbf9249c763df25a7cc59ceb9b55a7",
                "shasum": ""
            },
            "require": {
                "php": ">=5.4",
                "slim/slim": "~2.5.0"
            },
            "type": "library",
            "autoload": {
                "psr-4": {
                    "RkaSc\\": "RkaSc"
                }
            },
            "notification-url": "https://packagist.org/downloads/",
            "license": [
                "BSD-3-Clause"
            ],
            "authors": [
                {
                    "name": "Rob Allen",
                    "email": "rob@akrabat.com",
                    "homepage": "http://akrabat.com"
                }
            ],
            "description": "Dynamically instantiated controller classes for Slim Framework",
            "homepage": "http://github.com/akrabat/rka-slim-controller",
            "keywords": [
                "controller",
                "slim"
            ],
            "time": "2014-12-15 09:53:04"
        },
        {
            "name": "slim/slim",
            "version": "2.5.0",
            "source": {
                "type": "git",
                "url": "https://github.com/codeguy/Slim.git",
                "reference": "04958a10ed95bc7bc97568e573877d4f9b62db48"
            },
            "dist": {
                "type": "zip",
                "url": "https://api.github.com/repos/codeguy/Slim/zipball/04958a10ed95bc7bc97568e573877d4f9b62db48",
                "reference": "04958a10ed95bc7bc97568e573877d4f9b62db48",
                "shasum": ""
            },
            "require": {
                "php": ">=5.3.0"
            },
            "suggest": {
                "ext-mcrypt": "Required for HTTP cookie encryption"
            },
            "type": "library",
            "autoload": {
                "psr-0": {
                    "Slim": "."
                }
            },
            "notification-url": "https://packagist.org/downloads/",
            "license": [
                "MIT"
            ],
            "authors": [
                {
                    "name": "Josh Lockhart",
                    "email": "info@joshlockhart.com",
                    "homepage": "http://www.joshlockhart.com/"
                }
            ],
            "description": "Slim Framework, a PHP micro framework",
            "homepage": "http://github.com/codeguy/Slim",
            "keywords": [
                "microframework",
                "rest",
                "router"
            ],
            "time": "2014-12-09 19:59:29"
        }
    ],
    "packages-dev": [],
    "aliases": [],
    "minimum-stability": "stable",
    "stability-flags": [],
    "prefer-stable": false,
    "platform": [],
    "platform-dev": []
}
